
Microsoft Visual Studio Solution File, Format Version 12.00
# Visual Studio 15
VisualStudioVersion = 15.0.27703.2042
MinimumVisualStudioVersion = 10.0.40219.1
Project("{E24C65DC-7377-472B-9ABA-BC803B73C61A}") = "bifpclmob(1)", ".", "{B89583E1-5DB7-417A-9760-A9B219530B82}"
	ProjectSection(WebsiteProperties) = preProject
		TargetFrameworkMoniker = ".NETFramework,Version%3Dv4.5.2"
		Debug.AspNetCompiler.VirtualPath = "/localhost_61981"
		Debug.AspNetCompiler.PhysicalPath = "..\bifpclmob\"
		Debug.AspNetCompiler.TargetPath = "PrecompiledWeb\localhost_61981\"
		Debug.AspNetCompiler.Updateable = "true"
		Debug.AspNetCompiler.ForceOverwrite = "true"
		Debug.AspNetCompiler.FixedNames = "false"
		Debug.AspNetCompiler.Debug = "True"
		Release.AspNetCompiler.VirtualPath = "/localhost_61981"
		Release.AspNetCompiler.PhysicalPath = "..\bifpclmob\"
		Release.AspNetCompiler.TargetPath = "PrecompiledWeb\localhost_61981\"
		Release.AspNetCompiler.Updateable = "true"
		Release.AspNetCompiler.ForceOverwrite = "true"
		Release.AspNetCompiler.FixedNames = "false"
		Release.AspNetCompiler.Debug = "False"
		VWDPort = "61981"
		SlnRelativePath = "..\bifpclmob\"
	EndProjectSection
EndProject
Global
	GlobalSection(SolutionConfigurationPlatforms) = preSolution
		Debug|Any CPU = Debug|Any CPU
	EndGlobalSection
	GlobalSection(ProjectConfigurationPlatforms) = postSolution
		{B89583E1-5DB7-417A-9760-A9B219530B82}.Debug|Any CPU.ActiveCfg = Debug|Any CPU
		{B89583E1-5DB7-417A-9760-A9B219530B82}.Debug|Any CPU.Build.0 = Debug|Any CPU
	EndGlobalSection
	GlobalSection(SolutionProperties) = preSolution
		HideSolutionNode = FALSE
	EndGlobalSection
	GlobalSection(ExtensibilityGlobals) = postSolution
		SolutionGuid = {7412C6DC-68F0-4D57-B0C3-D694BFAA6A2A}
	EndGlobalSection
EndGlobal
